// !$*UTF8*$!
{
	archiveVersion = 1;
	classes = {
	};
	objectVersion = 46;
	objects = {

/* Begin PBXBuildFile section */
		B519F6981E8BEDB000DC9871 /* AppDelegate.swift in Sources */ = {isa = PBXBuildFile; fileRef = B519F6971E8BEDB000DC9871 /* AppDelegate.swift */; };
		B519F69A1E8BEDB000DC9871 /* ViewController.swift in Sources */ = {isa = PBXBuildFile; fileRef = B519F6991E8BEDB000DC9871 /* ViewController.swift */; };
		B519F69F1E8BEDB000DC9871 /* Assets.xcassets in Resources */ = {isa = PBXBuildFile; fileRef = B519F69E1E8BEDB000DC9871 /* Assets.xcassets */; };
		B519F6A21E8BEDB000DC9871 /* LaunchScreen.storyboard in Resources */ = {isa = PBXBuildFile; fileRef = B519F6A01E8BEDB000DC9871 /* LaunchScreen.storyboard */; };
		B519F6AB1E8BEDC500DC9871 /* Lexer.swift in Sources */ = {isa = PBXBuildFile; fileRef = B519F6AA1E8BEDC500DC9871 /* Lexer.swift */; };
		B51FEB941E957DDA00307859 /* start_script.txt in Resources */ = {isa = PBXBuildFile; fileRef = B51FEB931E957DDA00307859 /* start_script.txt */; };
		B5CD4F071E8F879A00011B8C /* SyntaxHighlighter.swift in Sources */ = {isa = PBXBuildFile; fileRef = B5CD4F061E8F879A00011B8C /* SyntaxHighlighter.swift */; };
		B5CD4F091E8F8E2E00011B8C /* Parser.swift in Sources */ = {isa = PBXBuildFile; fileRef = B5CD4F081E8F8E2E00011B8C /* Parser.swift */; };
		B5CD4F0B1E8FB5C700011B8C /* AST.swift in Sources */ = {isa = PBXBuildFile; fileRef = B5CD4F0A1E8FB5C700011B8C /* AST.swift */; };
		B5CD4F0E1E900A3400011B8C /* JSEvaluator.swift in Sources */ = {isa = PBXBuildFile; fileRef = B5CD4F0D1E900A3400011B8C /* JSEvaluator.swift */; };
		B5CD4F101E90177700011B8C /* Generator.swift in Sources */ = {isa = PBXBuildFile; fileRef = B5CD4F0F1E90177700011B8C /* Generator.swift */; };
		B5E5AB471E96A42000F9B894 /* info.txt in Resources */ = {isa = PBXBuildFile; fileRef = B5E5AB461E96A42000F9B894 /* info.txt */; };
		B5E5AB491E96A69600F9B894 /* InfoViewController.swift in Sources */ = {isa = PBXBuildFile; fileRef = B5E5AB481E96A69600F9B894 /* InfoViewController.swift */; };
		B5E7E7891E91260C0021025A /* LogViewController.swift in Sources */ = {isa = PBXBuildFile; fileRef = B5E7E7881E91260C0021025A /* LogViewController.swift */; };
		B5E7E78B1E9126FB0021025A /* PageViewController.swift in Sources */ = {isa = PBXBuildFile; fileRef = B5E7E78A1E9126FB0021025A /* PageViewController.swift */; };
/* End PBXBuildFile section */

/* Begin PBXFileReference section */
		B519F6941E8BEDB000DC9871 /* Get Schwifty.app */ = {isa = PBXFileReference; explicitFileType = wrapper.application; includeInIndex = 0; path = "Get Schwifty.app"; sourceTree = BUILT_PRODUCTS_DIR; };
		B519F6971E8BEDB000DC9871 /* AppDelegate.swift */ = {isa = PBXFileReference; lastKnownFileType = sourcecode.swift; path = AppDelegate.swift; sourceTree = "<group>"; };
		B519F6991E8BEDB000DC9871 /* ViewController.swift */ = {isa = PBXFileReference; lastKnownFileType = sourcecode.swift; path = ViewController.swift; sourceTree = "<group>"; };
		B519F69E1E8BEDB000DC9871 /* Assets.xcassets */ = {isa = PBXFileReference; lastKnownFileType = folder.assetcatalog; path = Assets.xcassets; sourceTree = "<group>"; };
		B519F6A11E8BEDB000DC9871 /* Base */ = {isa = PBXFileReference; lastKnownFileType = file.storyboard; name = Base; path = Base.lproj/LaunchScreen.storyboard; sourceTree = "<group>"; };
		B519F6A31E8BEDB000DC9871 /* Info.plist */ = {isa = PBXFileReference; lastKnownFileType = text.plist.xml; path = Info.plist; sourceTree = "<group>"; };
		B519F6AA1E8BEDC500DC9871 /* Lexer.swift */ = {isa = PBXFileReference; fileEncoding = 4; lastKnownFileType = sourcecode.swift; path = Lexer.swift; sourceTree = "<group>"; };
		B51FEB931E957DDA00307859 /* start_script.txt */ = {isa = PBXFileReference; fileEncoding = 4; lastKnownFileType = text; path = start_script.txt; sourceTree = "<group>"; };
		B5CD4F061E8F879A00011B8C /* SyntaxHighlighter.swift */ = {isa = PBXFileReference; fileEncoding = 4; lastKnownFileType = sourcecode.swift; name = SyntaxHighlighter.swift; path = ../SyntaxHighlighter.swift; sourceTree = "<group>"; };
		B5CD4F081E8F8E2E00011B8C /* Parser.swift */ = {isa = PBXFileReference; fileEncoding = 4; lastKnownFileType = sourcecode.swift; path = Parser.swift; sourceTree = "<group>"; };
		B5CD4F0A1E8FB5C700011B8C /* AST.swift */ = {isa = PBXFileReference; fileEncoding = 4; lastKnownFileType = sourcecode.swift; path = AST.swift; sourceTree = "<group>"; };
		B5CD4F0D1E900A3400011B8C /* JSEvaluator.swift */ = {isa = PBXFileReference; fileEncoding = 4; lastKnownFileType = sourcecode.swift; path = JSEvaluator.swift; sourceTree = "<group>"; };
		B5CD4F0F1E90177700011B8C /* Generator.swift */ = {isa = PBXFileReference; fileEncoding = 4; lastKnownFileType = sourcecode.swift; path = Generator.swift; sourceTree = "<group>"; };
		B5E5AB461E96A42000F9B894 /* info.txt */ = {isa = PBXFileReference; fileEncoding = 4; lastKnownFileType = text; path = info.txt; sourceTree = "<group>"; };
		B5E5AB481E96A69600F9B894 /* InfoViewController.swift */ = {isa = PBXFileReference; fileEncoding = 4; lastKnownFileType = sourcecode.swift; path = InfoViewController.swift; sourceTree = "<group>"; };
		B5E7E7881E91260C0021025A /* LogViewController.swift */ = {isa = PBXFileReference; fileEncoding = 4; lastKnownFileType = sourcecode.swift; path = LogViewController.swift; sourceTree = "<group>"; };
		B5E7E78A1E9126FB0021025A /* PageViewController.swift */ = {isa = PBXFileReference; fileEncoding = 4; lastKnownFileType = sourcecode.swift; path = PageViewController.swift; sourceTree = "<group>"; };
/* End PBXFileReference section */

/* Begin PBXFrameworksBuildPhase section */
		B519F6911E8BEDB000DC9871 /* Frameworks */ = {
			isa = PBXFrameworksBuildPhase;
			buildActionMask = 2147483647;
			files = (
			);
			runOnlyForDeploymentPostprocessing = 0;
		};
/* End PBXFrameworksBuildPhase section */

/* Begin PBXGroup section */
		B519F68B1E8BEDB000DC9871 = {
			isa = PBXGroup;
			children = (
				B519F6951E8BEDB000DC9871 /* Products */,
				B519F6961E8BEDB000DC9871 /* GetSchwifty */,
			);
			sourceTree = "<group>";
		};
		B519F6951E8BEDB000DC9871 /* Products */ = {
			isa = PBXGroup;
			children = (
				B519F6941E8BEDB000DC9871 /* Get Schwifty.app */,
			);
			name = Products;
			sourceTree = "<group>";
		};
		B519F6961E8BEDB000DC9871 /* GetSchwifty */ = {
			isa = PBXGroup;
			children = (
				B5CD4F0C1E900A1A00011B8C /* Code Helper */,
				B519F6A91E8BEDB700DC9871 /* Transpiler */,
				B5E5AB4C1E96A89A00F9B894 /* Helper */,
				B5E5AB4A1E96A88600F9B894 /* View Controllers */,
				B5E5AB4B1E96A89000F9B894 /* Ressources */,
			);
			path = GetSchwifty;
			sourceTree = "<group>";
		};
		B519F6A91E8BEDB700DC9871 /* Transpiler */ = {
			isa = PBXGroup;
			children = (
				B5CD4F0A1E8FB5C700011B8C /* AST.swift */,
				B5CD4F0F1E90177700011B8C /* Generator.swift */,
				B519F6AA1E8BEDC500DC9871 /* Lexer.swift */,
				B5CD4F081E8F8E2E00011B8C /* Parser.swift */,
			);
			path = Transpiler;
			sourceTree = "<group>";
		};
		B5CD4F0C1E900A1A00011B8C /* Code Helper */ = {
			isa = PBXGroup;
			children = (
				B5CD4F061E8F879A00011B8C /* SyntaxHighlighter.swift */,
				B5CD4F0D1E900A3400011B8C /* JSEvaluator.swift */,
			);
			name = "Code Helper";
			path = JavascriptEvaluator;
			sourceTree = "<group>";
		};
		B5E5AB4A1E96A88600F9B894 /* View Controllers */ = {
			isa = PBXGroup;
			children = (
				B519F6991E8BEDB000DC9871 /* ViewController.swift */,
				B5E7E7881E91260C0021025A /* LogViewController.swift */,
				B5E7E78A1E9126FB0021025A /* PageViewController.swift */,
				B5E5AB481E96A69600F9B894 /* InfoViewController.swift */,
			);
			name = "View Controllers";
			sourceTree = "<group>";
		};
		B5E5AB4B1E96A89000F9B894 /* Ressources */ = {
			isa = PBXGroup;
			children = (
				B51FEB931E957DDA00307859 /* start_script.txt */,
				B5E5AB461E96A42000F9B894 /* info.txt */,
			);
			name = Ressources;
			sourceTree = "<group>";
		};
		B5E5AB4C1E96A89A00F9B894 /* Helper */ = {
			isa = PBXGroup;
			children = (
				B519F6971E8BEDB000DC9871 /* AppDelegate.swift */,
				B519F69E1E8BEDB000DC9871 /* Assets.xcassets */,
				B519F6A31E8BEDB000DC9871 /* Info.plist */,
				B519F6A01E8BEDB000DC9871 /* LaunchScreen.storyboard */,
			);
			name = Helper;
			sourceTree = "<group>";
		};
/* End PBXGroup section */

/* Begin PBXNativeTarget section */
		B519F6931E8BEDB000DC9871 /* Get Schwifty */ = {
			isa = PBXNativeTarget;
			buildConfigurationList = B519F6A61E8BEDB000DC9871 /* Build configuration list for PBXNativeTarget "Get Schwifty" */;
			buildPhases = (
				B519F6901E8BEDB000DC9871 /* Sources */,
				B519F6911E8BEDB000DC9871 /* Frameworks */,
				B519F6921E8BEDB000DC9871 /* Resources */,
			);
			buildRules = (
			);
			dependencies = (
			);
			name = "Get Schwifty";
			productName = GetSchwifty;
			productReference = B519F6941E8BEDB000DC9871 /* Get Schwifty.app */;
			productType = "com.apple.product-type.application";
		};
/* End PBXNativeTarget section */

/* Begin PBXProject section */
		B519F68C1E8BEDB000DC9871 /* Project object */ = {
			isa = PBXProject;
			attributes = {
				LastSwiftUpdateCheck = 0830;
				LastUpgradeCheck = 0830;
				ORGANIZATIONNAME = "Benjamin Herzog";
				TargetAttributes = {
					B519F6931E8BEDB000DC9871 = {
						CreatedOnToolsVersion = 8.3;
						DevelopmentTeam = 3E4PGPNR47;
						ProvisioningStyle = Automatic;
					};
				};
			};
			buildConfigurationList = B519F68F1E8BEDB000DC9871 /* Build configuration list for PBXProject "GetSchwifty" */;
			compatibilityVersion = "Xcode 3.2";
			developmentRegion = English;
			hasScannedForEncodings = 0;
			knownRegions = (
				en,
				Base,
			);
			mainGroup = B519F68B1E8BEDB000DC9871;
			productRefGroup = B519F6951E8BEDB000DC9871 /* Products */;
			projectDirPath = "";
			projectRoot = "";
			targets = (
				B519F6931E8BEDB000DC9871 /* Get Schwifty */,
			);
		};
/* End PBXProject section */

/* Begin PBXResourcesBuildPhase section */
		B519F6921E8BEDB000DC9871 /* Resources */ = {
			isa = PBXResourcesBuildPhase;
			buildActionMask = 2147483647;
			files = (
				B519F6A21E8BEDB000DC9871 /* LaunchScreen.storyboard in Resources */,
				B5E5AB471E96A42000F9B894 /* info.txt in Resources */,
				B519F69F1E8BEDB000DC9871 /* Assets.xcassets in Resources */,
				B51FEB941E957DDA00307859 /* start_script.txt in Resources */,
			);
			runOnlyForDeploymentPostprocessing = 0;
		};
/* End PBXResourcesBuildPhase section */

/* Begin PBXSourcesBuildPhase section */
		B519F6901E8BEDB000DC9871 /* Sources */ = {
			isa = PBXSourcesBuildPhase;
			buildActionMask = 2147483647;
			files = (
				B5CD4F0E1E900A3400011B8C /* JSEvaluator.swift in Sources */,
				B5E5AB491E96A69600F9B894 /* InfoViewController.swift in Sources */,
				B5E7E78B1E9126FB0021025A /* PageViewController.swift in Sources */,
				B5CD4F101E90177700011B8C /* Generator.swift in Sources */,
				B5CD4F0B1E8FB5C700011B8C /* AST.swift in Sources */,
				B5E7E7891E91260C0021025A /* LogViewController.swift in Sources */,
				B5CD4F071E8F879A00011B8C /* SyntaxHighlighter.swift in Sources */,
				B519F69A1E8BEDB000DC9871 /* ViewController.swift in Sources */,
				B5CD4F091E8F8E2E00011B8C /* Parser.swift in Sources */,
				B519F6AB1E8BEDC500DC9871 /* Lexer.swift in Sources */,
				B519F6981E8BEDB000DC9871 /* AppDelegate.swift in Sources */,
			);
			runOnlyForDeploymentPostprocessing = 0;
		};
/* End PBXSourcesBuildPhase section */

/* Begin PBXVariantGroup section */
		B519F6A01E8BEDB000DC9871 /* LaunchScreen.storyboard */ = {
			isa = PBXVariantGroup;
			children = (
				B519F6A11E8BEDB000DC9871 /* Base */,
			);
			name = LaunchScreen.storyboard;
			path = .;
			sourceTree = "<group>";
		};
/* End PBXVariantGroup section */

/* Begin XCBuildConfiguration section */
		B519F6A41E8BEDB000DC9871 /* Debug */ = {
			isa = XCBuildConfiguration;
			buildSettings = {
				ALWAYS_SEARCH_USER_PATHS = NO;
				CLANG_ANALYZER_NONNULL = YES;
				CLANG_ANALYZER_NUMBER_OBJECT_CONVERSION = YES_AGGRESSIVE;
				CLANG_CXX_LANGUAGE_STANDARD = "gnu++0x";
				CLANG_CXX_LIBRARY = "libc++";
				CLANG_ENABLE_MODULES = YES;
				CLANG_ENABLE_OBJC_ARC = YES;
				CLANG_WARN_BOOL_CONVERSION = YES;
				CLANG_WARN_CONSTANT_CONVERSION = YES;
				CLANG_WARN_DIRECT_OBJC_ISA_USAGE = YES_ERROR;
				CLANG_WARN_DOCUMENTATION_COMMENTS = YES;
				CLANG_WARN_EMPTY_BODY = YES;
				CLANG_WARN_ENUM_CONVERSION = YES;
				CLANG_WARN_INFINITE_RECURSION = YES;
				CLANG_WARN_INT_CONVERSION = YES;
				CLANG_WARN_OBJC_ROOT_CLASS = YES_ERROR;
				CLANG_WARN_SUSPICIOUS_MOVE = YES;
				CLANG_WARN_UNREACHABLE_CODE = YES;
				CLANG_WARN__DUPLICATE_METHOD_MATCH = YES;
				"CODE_SIGN_IDENTITY[sdk=iphoneos*]" = "iPhone Developer";
				COPY_PHASE_STRIP = NO;
				DEBUG_INFORMATION_FORMAT = dwarf;
				ENABLE_STRICT_OBJC_MSGSEND = YES;
				ENABLE_TESTABILITY = YES;
				GCC_C_LANGUAGE_STANDARD = gnu99;
				GCC_DYNAMIC_NO_PIC = NO;
				GCC_NO_COMMON_BLOCKS = YES;
				GCC_OPTIMIZATION_LEVEL = 0;
				GCC_PREPROCESSOR_DEFINITIONS = (
					"DEBUG=1",
					"$(inherited)",
				);
				GCC_WARN_64_TO_32_BIT_CONVERSION = YES;
				GCC_WARN_ABOUT_RETURN_TYPE = YES_ERROR;
				GCC_WARN_UNDECLARED_SELECTOR = YES;
				GCC_WARN_UNINITIALIZED_AUTOS = YES_AGGRESSIVE;
				GCC_WARN_UNUSED_FUNCTION = YES;
				GCC_WARN_UNUSED_VARIABLE = YES;
				IPHONEOS_DEPLOYMENT_TARGET = 10.3;
				MTL_ENABLE_DEBUG_INFO = YES;
				ONLY_ACTIVE_ARCH = YES;
				SDKROOT = iphoneos;
				SWIFT_ACTIVE_COMPILATION_CONDITIONS = DEBUG;
				SWIFT_OPTIMIZATION_LEVEL = "-Onone";
				TARGETED_DEVICE_FAMILY = "1,2";
			};
			name = Debug;
		};
		B519F6A51E8BEDB000DC9871 /* Release */ = {
			isa = XCBuildConfiguration;
			buildSettings = {
				ALWAYS_SEARCH_USER_PATHS = NO;
				CLANG_ANALYZER_NONNULL = YES;
				CLANG_ANALYZER_NUMBER_OBJECT_CONVERSION = YES_AGGRESSIVE;
				CLANG_CXX_LANGUAGE_STANDARD = "gnu++0x";
				CLANG_CXX_LIBRARY = "libc++";
				CLANG_ENABLE_MODULES = YES;
				CLANG_ENABLE_OBJC_ARC = YES;
				CLANG_WARN_BOOL_CONVERSION = YES;
				CLANG_WARN_CONSTANT_CONVERSION = YES;
				CLANG_WARN_DIRECT_OBJC_ISA_USAGE = YES_ERROR;
				CLANG_WARN_DOCUMENTATION_COMMENTS = YES;
				CLANG_WARN_EMPTY_BODY = YES;
				CLANG_WARN_ENUM_CONVERSION = YES;
				CLANG_WARN_INFINITE_RECURSION = YES;
				CLANG_WARN_INT_CONVERSION = YES;
				CLANG_WARN_OBJC_ROOT_CLASS = YES_ERROR;
				CLANG_WARN_SUSPICIOUS_MOVE = YES;
				CLANG_WARN_UNREACHABLE_CODE = YES;
				CLANG_WARN__DUPLICATE_METHOD_MATCH = YES;
				"CODE_SIGN_IDENTITY[sdk=iphoneos*]" = "iPhone Developer";
				COPY_PHASE_STRIP = NO;
				DEBUG_INFORMATION_FORMAT = "dwarf-with-dsym";
				ENABLE_NS_ASSERTIONS = NO;
				ENABLE_STRICT_OBJC_MSGSEND = YES;
				GCC_C_LANGUAGE_STANDARD = gnu99;
				GCC_NO_COMMON_BLOCKS = YES;
				GCC_WARN_64_TO_32_BIT_CONVERSION = YES;
				GCC_WARN_ABOUT_RETURN_TYPE = YES_ERROR;
				GCC_WARN_UNDECLARED_SELECTOR = YES;
				GCC_WARN_UNINITIALIZED_AUTOS = YES_AGGRESSIVE;
				GCC_WARN_UNUSED_FUNCTION = YES;
				GCC_WARN_UNUSED_VARIABLE = YES;
				IPHONEOS_DEPLOYMENT_TARGET = 10.3;
				MTL_ENABLE_DEBUG_INFO = NO;
				SDKROOT = iphoneos;
				SWIFT_OPTIMIZATION_LEVEL = "-Owholemodule";
				TARGETED_DEVICE_FAMILY = "1,2";
				VALIDATE_PRODUCT = YES;
			};
			name = Release;
		};
		B519F6A71E8BEDB000DC9871 /* Debug */ = {
			isa = XCBuildConfiguration;
			buildSettings = {
				ASSETCATALOG_COMPILER_APPICON_NAME = AppIcon;
				DEVELOPMENT_TEAM = 3E4PGPNR47;
				INFOPLIST_FILE = GetSchwifty/Info.plist;
				IPHONEOS_DEPLOYMENT_TARGET = 9.0;
				LD_RUNPATH_SEARCH_PATHS = "$(inherited) @executable_path/Frameworks";
				PRODUCT_BUNDLE_IDENTIFIER = de.benchr.playground;
				PRODUCT_NAME = "$(TARGET_NAME)";
				SWIFT_VERSION = 3.0;
			};
			name = Debug;
		};
		B519F6A81E8BEDB000DC9871 /* Release */ = {
			isa = XCBuildConfiguration;
			buildSettings = {
				ASSETCATALOG_COMPILER_APPICON_NAME = AppIcon;
				DEVELOPMENT_TEAM = 3E4PGPNR47;
				INFOPLIST_FILE = GetSchwifty/Info.plist;
				IPHONEOS_DEPLOYMENT_TARGET = 9.0;
				LD_RUNPATH_SEARCH_PATHS = "$(inherited) @executable_path/Frameworks";
				PRODUCT_BUNDLE_IDENTIFIER = de.benchr.playground;
				PRODUCT_NAME = "$(TARGET_NAME)";
				SWIFT_VERSION = 3.0;
			};
			name = Release;
		};
/* End XCBuildConfiguration section */

/* Begin XCConfigurationList section */
		B519F68F1E8BEDB000DC9871 /* Build configuration list for PBXProject "GetSchwifty" */ = {
			isa = XCConfigurationList;
			buildConfigurations = (
				B519F6A41E8BEDB000DC9871 /* Debug */,
				B519F6A51E8BEDB000DC9871 /* Release */,
			);
			defaultConfigurationIsVisible = 0;
			defaultConfigurationName = Release;
		};
		B519F6A61E8BEDB000DC9871 /* Build configuration list for PBXNativeTarget "Get Schwifty" */ = {
			isa = XCConfigurationList;
			buildConfigurations = (
				B519F6A71E8BEDB000DC9871 /* Debug */,
				B519F6A81E8BEDB000DC9871 /* Release */,
			);
			defaultConfigurationIsVisible = 0;
			defaultConfigurationName = Release;
		};
/* End XCConfigurationList section */
	};
	rootObject = B519F68C1E8BEDB000DC9871 /* Project object */;
}
